// !$*UTF8*$!
{
	archiveVersion = 1;
	classes = {
	};
	objectVersion = 50;
	objects = {

/* Begin PBXBuildFile section */
		318C1CCC21032CB000A97A36 /* AppDelegate.swift in Sources */ = {isa = PBXBuildFile; fileRef = 318C1CCB21032CB000A97A36 /* AppDelegate.swift */; };
		318C1CCE21032CB000A97A36 /* ViewController.swift in Sources */ = {isa = PBXBuildFile; fileRef = 318C1CCD21032CB000A97A36 /* ViewController.swift */; };
		318C1CD121032CB000A97A36 /* Main.storyboard in Resources */ = {isa = PBXBuildFile; fileRef = 318C1CCF21032CB000A97A36 /* Main.storyboard */; };
		318C1CD421032CB000A97A36 /* wikisearch.xcdatamodeld in Sources */ = {isa = PBXBuildFile; fileRef = 318C1CD221032CB000A97A36 /* wikisearch.xcdatamodeld */; };
		318C1CD621032CB100A97A36 /* Assets.xcassets in Resources */ = {isa = PBXBuildFile; fileRef = 318C1CD521032CB100A97A36 /* Assets.xcassets */; };
		318C1CD921032CB100A97A36 /* LaunchScreen.storyboard in Resources */ = {isa = PBXBuildFile; fileRef = 318C1CD721032CB100A97A36 /* LaunchScreen.storyboard */; };
		318C1CE421032CB200A97A36 /* wikisearchTests.swift in Sources */ = {isa = PBXBuildFile; fileRef = 318C1CE321032CB200A97A36 /* wikisearchTests.swift */; };
		318C1CEF21032CB200A97A36 /* wikisearchUITests.swift in Sources */ = {isa = PBXBuildFile; fileRef = 318C1CEE21032CB200A97A36 /* wikisearchUITests.swift */; };
/* End PBXBuildFile section */

/* Begin PBXContainerItemProxy section */
		318C1CE021032CB200A97A36 /* PBXContainerItemProxy */ = {
			isa = PBXContainerItemProxy;
			containerPortal = 318C1CC021032CB000A97A36 /* Project object */;
			proxyType = 1;
			remoteGlobalIDString = 318C1CC721032CB000A97A36;
			remoteInfo = wikisearch;
		};
		318C1CEB21032CB200A97A36 /* PBXContainerItemProxy */ = {
			isa = PBXContainerItemProxy;
			containerPortal = 318C1CC021032CB000A97A36 /* Project object */;
			proxyType = 1;
			remoteGlobalIDString = 318C1CC721032CB000A97A36;
			remoteInfo = wikisearch;
		};
/* End PBXContainerItemProxy section */

/* Begin PBXFileReference section */
		318C1CC821032CB000A97A36 /* wikisearch.app */ = {isa = PBXFileReference; explicitFileType = wrapper.application; includeInIndex = 0; path = wikisearch.app; sourceTree = BUILT_PRODUCTS_DIR; };
		318C1CCB21032CB000A97A36 /* AppDelegate.swift */ = {isa = PBXFileReference; lastKnownFileType = sourcecode.swift; path = AppDelegate.swift; sourceTree = "<group>"; };
		318C1CCD21032CB000A97A36 /* ViewController.swift */ = {isa = PBXFileReference; lastKnownFileType = sourcecode.swift; path = ViewController.swift; sourceTree = "<group>"; };
		318C1CD021032CB000A97A36 /* Base */ = {isa = PBXFileReference; lastKnownFileType = file.storyboard; name = Base; path = Base.lproj/Main.storyboard; sourceTree = "<group>"; };
		318C1CD321032CB000A97A36 /* wikisearch.xcdatamodel */ = {isa = PBXFileReference; lastKnownFileType = wrapper.xcdatamodel; path = wikisearch.xcdatamodel; sourceTree = "<group>"; };
		318C1CD521032CB100A97A36 /* Assets.xcassets */ = {isa = PBXFileReference; lastKnownFileType = folder.assetcatalog; path = Assets.xcassets; sourceTree = "<group>"; };
		318C1CD821032CB100A97A36 /* Base */ = {isa = PBXFileReference; lastKnownFileType = file.storyboard; name = Base; path = Base.lproj/LaunchScreen.storyboard; sourceTree = "<group>"; };
		318C1CDA21032CB100A97A36 /* Info.plist */ = {isa = PBXFileReference; lastKnownFileType = text.plist.xml; path = Info.plist; sourceTree = "<group>"; };
		318C1CDF21032CB200A97A36 /* wikisearchTests.xctest */ = {isa = PBXFileReference; explicitFileType = wrapper.cfbundle; includeInIndex = 0; path = wikisearchTests.xctest; sourceTree = BUILT_PRODUCTS_DIR; };
		318C1CE321032CB200A97A36 /* wikisearchTests.swift */ = {isa = PBXFileReference; lastKnownFileType = sourcecode.swift; path = wikisearchTests.swift; sourceTree = "<group>"; };
		318C1CE521032CB200A97A36 /* Info.plist */ = {isa = PBXFileReference; lastKnownFileType = text.plist.xml; path = Info.plist; sourceTree = "<group>"; };
		318C1CEA21032CB200A97A36 /* wikisearchUITests.xctest */ = {isa = PBXFileReference; explicitFileType = wrapper.cfbundle; includeInIndex = 0; path = wikisearchUITests.xctest; sourceTree = BUILT_PRODUCTS_DIR; };
		318C1CEE21032CB200A97A36 /* wikisearchUITests.swift */ = {isa = PBXFileReference; lastKnownFileType = sourcecode.swift; path = wikisearchUITests.swift; sourceTree = "<group>"; };
		318C1CF021032CB200A97A36 /* Info.plist */ = {isa = PBXFileReference; lastKnownFileType = text.plist.xml; path = Info.plist; sourceTree = "<group>"; };
/* End PBXFileReference section */

/* Begin PBXFrameworksBuildPhase section */
		318C1CC521032CB000A97A36 /* Frameworks */ = {
			isa = PBXFrameworksBuildPhase;
			buildActionMask = 2147483647;
			files = (
			);
			runOnlyForDeploymentPostprocessing = 0;
		};
		318C1CDC21032CB200A97A36 /* Frameworks */ = {
			isa = PBXFrameworksBuildPhase;
			buildActionMask = 2147483647;
			files = (
			);
			runOnlyForDeploymentPostprocessing = 0;
		};
		318C1CE721032CB200A97A36 /* Frameworks */ = {
			isa = PBXFrameworksBuildPhase;
			buildActionMask = 2147483647;
			files = (
			);
			runOnlyForDeploymentPostprocessing = 0;
		};
/* End PBXFrameworksBuildPhase section */

/* Begin PBXGroup section */
		318C1CBF21032CB000A97A36 = {
			isa = PBXGroup;
			children = (
				318C1CCA21032CB000A97A36 /* wikisearch */,
				318C1CE221032CB200A97A36 /* wikisearchTests */,
				318C1CED21032CB200A97A36 /* wikisearchUITests */,
				318C1CC921032CB000A97A36 /* Products */,
			);
			sourceTree = "<group>";
		};
		318C1CC921032CB000A97A36 /* Products */ = {
			isa = PBXGroup;
			children = (
				318C1CC821032CB000A97A36 /* wikisearch.app */,
				318C1CDF21032CB200A97A36 /* wikisearchTests.xctest */,
				318C1CEA21032CB200A97A36 /* wikisearchUITests.xctest */,
			);
			name = Products;
			sourceTree = "<group>";
		};
		318C1CCA21032CB000A97A36 /* wikisearch */ = {
			isa = PBXGroup;
			children = (
				318C1CCB21032CB000A97A36 /* AppDelegate.swift */,
				318C1CCD21032CB000A97A36 /* ViewController.swift */,
				318C1CCF21032CB000A97A36 /* Main.storyboard */,
				318C1CD521032CB100A97A36 /* Assets.xcassets */,
				318C1CD721032CB100A97A36 /* LaunchScreen.storyboard */,
				318C1CDA21032CB100A97A36 /* Info.plist */,
				318C1CD221032CB000A97A36 /* wikisearch.xcdatamodeld */,
			);
			path = wikisearch;
			sourceTree = "<group>";
		};
		318C1CE221032CB200A97A36 /* wikisearchTests */ = {
			isa = PBXGroup;
			children = (
				318C1CE321032CB200A97A36 /* wikisearchTests.swift */,
				318C1CE521032CB200A97A36 /* Info.plist */,
			);
			path = wikisearchTests;
			sourceTree = "<group>";
		};
		318C1CED21032CB200A97A36 /* wikisearchUITests */ = {
			isa = PBXGroup;
			children = (
				318C1CEE21032CB200A97A36 /* wikisearchUITests.swift */,
				318C1CF021032CB200A97A36 /* Info.plist */,
			);
			path = wikisearchUITests;
			sourceTree = "<group>";
		};
/* End PBXGroup section */

/* Begin PBXNativeTarget section */
		318C1CC721032CB000A97A36 /* wikisearch */ = {
			isa = PBXNativeTarget;
			buildConfigurationList = 318C1CF321032CB200A97A36 /* Build configuration list for PBXNativeTarget "wikisearch" */;
			buildPhases = (
				318C1CC421032CB000A97A36 /* Sources */,
				318C1CC521032CB000A97A36 /* Frameworks */,
				318C1CC621032CB000A97A36 /* Resources */,
			);
			buildRules = (
			);
			dependencies = (
			);
			name = wikisearch;
			productName = wikisearch;
			productReference = 318C1CC821032CB000A97A36 /* wikisearch.app */;
			productType = "com.apple.product-type.application";
		};
		318C1CDE21032CB200A97A36 /* wikisearchTests */ = {
			isa = PBXNativeTarget;
			buildConfigurationList = 318C1CF621032CB200A97A36 /* Build configuration list for PBXNativeTarget "wikisearchTests" */;
			buildPhases = (
				318C1CDB21032CB200A97A36 /* Sources */,
				318C1CDC21032CB200A97A36 /* Frameworks */,
				318C1CDD21032CB200A97A36 /* Resources */,
			);
			buildRules = (
			);
			dependencies = (
				318C1CE121032CB200A97A36 /* PBXTargetDependency */,
			);
			name = wikisearchTests;
			productName = wikisearchTests;
			productReference = 318C1CDF21032CB200A97A36 /* wikisearchTests.xctest */;
			productType = "com.apple.product-type.bundle.unit-test";
		};
		318C1CE921032CB200A97A36 /* wikisearchUITests */ = {
			isa = PBXNativeTarget;
			buildConfigurationList = 318C1CF921032CB200A97A36 /* Build configuration list for PBXNativeTarget "wikisearchUITests" */;
			buildPhases = (
				318C1CE621032CB200A97A36 /* Sources */,
				318C1CE721032CB200A97A36 /* Frameworks */,
				318C1CE821032CB200A97A36 /* Resources */,
			);
			buildRules = (
			);
			dependencies = (
				318C1CEC21032CB200A97A36 /* PBXTargetDependency */,
			);
			name = wikisearchUITests;
			productName = wikisearchUITests;
			productReference = 318C1CEA21032CB200A97A36 /* wikisearchUITests.xctest */;
			productType = "com.apple.product-type.bundle.ui-testing";
		};
/* End PBXNativeTarget section */

/* Begin PBXProject section */
		318C1CC021032CB000A97A36 /* Project object */ = {
			isa = PBXProject;
			attributes = {
				LastSwiftUpdateCheck = 0940;
				LastUpgradeCheck = 0940;
				ORGANIZATIONNAME = "Kumar m p, Hemanth - Hemanth";
				TargetAttributes = {
					318C1CC721032CB000A97A36 = {
						CreatedOnToolsVersion = 9.4;
					};
					318C1CDE21032CB200A97A36 = {
						CreatedOnToolsVersion = 9.4;
						TestTargetID = 318C1CC721032CB000A97A36;
					};
					318C1CE921032CB200A97A36 = {
						CreatedOnToolsVersion = 9.4;
						TestTargetID = 318C1CC721032CB000A97A36;
					};
				};
			};
			buildConfigurationList = 318C1CC321032CB000A97A36 /* Build configuration list for PBXProject "wikisearch" */;
			compatibilityVersion = "Xcode 9.3";
			developmentRegion = en;
			hasScannedForEncodings = 0;
			knownRegions = (
				en,
				Base,
			);
			mainGroup = 318C1CBF21032CB000A97A36;
			productRefGroup = 318C1CC921032CB000A97A36 /* Products */;
			projectDirPath = "";
			projectRoot = "";
			targets = (
				318C1CC721032CB000A97A36 /* wikisearch */,
				318C1CDE21032CB200A97A36 /* wikisearchTests */,
				318C1CE921032CB200A97A36 /* wikisearchUITests */,
			);
		};
/* End PBXProject section */

/* Begin PBXResourcesBuildPhase section */
		318C1CC621032CB000A97A36 /* Resources */ = {
			isa = PBXResourcesBuildPhase;
			buildActionMask = 2147483647;
			files = (
				318C1CD921032CB100A97A36 /* LaunchScreen.storyboard in Resources */,
				318C1CD621032CB100A97A36 /* Assets.xcassets in Resources */,
				318C1CD121032CB000A97A36 /* Main.storyboard in Resources */,
			);
			runOnlyForDeploymentPostprocessing = 0;
		};
		318C1CDD21032CB200A97A36 /* Resources */ = {
			isa = PBXResourcesBuildPhase;
			buildActionMask = 2147483647;
			files = (
			);
			runOnlyForDeploymentPostprocessing = 0;
		};
		318C1CE821032CB200A97A36 /* Resources */ = {
			isa = PBXResourcesBuildPhase;
			buildActionMask = 2147483647;
			files = (
			);
			runOnlyForDeploymentPostprocessing = 0;
		};
/* End PBXResourcesBuildPhase section */

/* Begin PBXSourcesBuildPhase section */
		318C1CC421032CB000A97A36 /* Sources */ = {
			isa = PBXSourcesBuildPhase;
			buildActionMask = 2147483647;
			files = (
				318C1CCE21032CB000A97A36 /* ViewController.swift in Sources */,
				318C1CCC21032CB000A97A36 /* AppDelegate.swift in Sources */,
				318C1CD421032CB000A97A36 /* wikisearch.xcdatamodeld in Sources */,
			);
			runOnlyForDeploymentPostprocessing = 0;
		};
		318C1CDB21032CB200A97A36 /* Sources */ = {
			isa = PBXSourcesBuildPhase;
			buildActionMask = 2147483647;
			files = (
				318C1CE421032CB200A97A36 /* wikisearchTests.swift in Sources */,
			);
			runOnlyForDeploymentPostprocessing = 0;
		};
		318C1CE621032CB200A97A36 /* Sources */ = {
			isa = PBXSourcesBuildPhase;
			buildActionMask = 2147483647;
			files = (
				318C1CEF21032CB200A97A36 /* wikisearchUITests.swift in Sources */,
			);
			runOnlyForDeploymentPostprocessing = 0;
		};
/* End PBXSourcesBuildPhase section */

/* Begin PBXTargetDependency section */
		318C1CE121032CB200A97A36 /* PBXTargetDependency */ = {
			isa = PBXTargetDependency;
			target = 318C1CC721032CB000A97A36 /* wikisearch */;
			targetProxy = 318C1CE021032CB200A97A36 /* PBXContainerItemProxy */;
		};
		318C1CEC21032CB200A97A36 /* PBXTargetDependency */ = {
			isa = PBXTargetDependency;
			target = 318C1CC721032CB000A97A36 /* wikisearch */;
			targetProxy = 318C1CEB21032CB200A97A36 /* PBXContainerItemProxy */;
		};
/* End PBXTargetDependency section */

/* Begin PBXVariantGroup section */
		318C1CCF21032CB000A97A36 /* Main.storyboard */ = {
			isa = PBXVariantGroup;
			children = (
				318C1CD021032CB000A97A36 /* Base */,
			);
			name = Main.storyboard;
			sourceTree = "<group>";
		};
		318C1CD721032CB100A97A36 /* LaunchScreen.storyboard */ = {
			isa = PBXVariantGroup;
			children = (
				318C1CD821032CB100A97A36 /* Base */,
			);
			name = LaunchScreen.storyboard;
			sourceTree = "<group>";
		};
/* End PBXVariantGroup section */

/* Begin XCBuildConfiguration section */
		318C1CF121032CB200A97A36 /* Debug */ = {
			isa = XCBuildConfiguration;
			buildSettings = {
				ALWAYS_SEARCH_USER_PATHS = NO;
				CLANG_ANALYZER_NONNULL = YES;
				CLANG_ANALYZER_NUMBER_OBJECT_CONVERSION = YES_AGGRESSIVE;
				CLANG_CXX_LANGUAGE_STANDARD = "gnu++14";
				CLANG_CXX_LIBRARY = "libc++";
				CLANG_ENABLE_MODULES = YES;
				CLANG_ENABLE_OBJC_ARC = YES;
				CLANG_ENABLE_OBJC_WEAK = YES;
				CLANG_WARN_BLOCK_CAPTURE_AUTORELEASING = YES;
				CLANG_WARN_BOOL_CONVERSION = YES;
				CLANG_WARN_COMMA = YES;
				CLANG_WARN_CONSTANT_CONVERSION = YES;
				CLANG_WARN_DEPRECATED_OBJC_IMPLEMENTATIONS = YES;
				CLANG_WARN_DIRECT_OBJC_ISA_USAGE = YES_ERROR;
				CLANG_WARN_DOCUMENTATION_COMMENTS = YES;
				CLANG_WARN_EMPTY_BODY = YES;
				CLANG_WARN_ENUM_CONVERSION = YES;
				CLANG_WARN_INFINITE_RECURSION = YES;
				CLANG_WARN_INT_CONVERSION = YES;
				CLANG_WARN_NON_LITERAL_NULL_CONVERSION = YES;
				CLANG_WARN_OBJC_IMPLICIT_RETAIN_SELF = YES;
				CLANG_WARN_OBJC_LITERAL_CONVERSION = YES;
				CLANG_WARN_OBJC_ROOT_CLASS = YES_ERROR;
				CLANG_WARN_RANGE_LOOP_ANALYSIS = YES;
				CLANG_WARN_STRICT_PROTOTYPES = YES;
				CLANG_WARN_SUSPICIOUS_MOVE = YES;
				CLANG_WARN_UNGUARDED_AVAILABILITY = YES_AGGRESSIVE;
				CLANG_WARN_UNREACHABLE_CODE = YES;
				CLANG_WARN__DUPLICATE_METHOD_MATCH = YES;
				CODE_SIGN_IDENTITY = "iPhone Developer";
				COPY_PHASE_STRIP = NO;
				DEBUG_INFORMATION_FORMAT = dwarf;
				ENABLE_STRICT_OBJC_MSGSEND = YES;
				ENABLE_TESTABILITY = YES;
				GCC_C_LANGUAGE_STANDARD = gnu11;
				GCC_DYNAMIC_NO_PIC = NO;
				GCC_NO_COMMON_BLOCKS = YES;
				GCC_OPTIMIZATION_LEVEL = 0;
				GCC_PREPROCESSOR_DEFINITIONS = (
					"DEBUG=1",
					"$(inherited)",
				);
				GCC_WARN_64_TO_32_BIT_CONVERSION = YES;
				GCC_WARN_ABOUT_RETURN_TYPE = YES_ERROR;
				GCC_WARN_UNDECLARED_SELECTOR = YES;
				GCC_WARN_UNINITIALIZED_AUTOS = YES_AGGRESSIVE;
				GCC_WARN_UNUSED_FUNCTION = YES;
				GCC_WARN_UNUSED_VARIABLE = YES;
				IPHONEOS_DEPLOYMENT_TARGET = 11.4;
				MTL_ENABLE_DEBUG_INFO = YES;
				ONLY_ACTIVE_ARCH = YES;
				SDKROOT = iphoneos;
				SWIFT_ACTIVE_COMPILATION_CONDITIONS = DEBUG;
				SWIFT_OPTIMIZATION_LEVEL = "-Onone";
			};
			name = Debug;
		};
		318C1CF221032CB200A97A36 /* Release */ = {
			isa = XCBuildConfiguration;
			buildSettings = {
				ALWAYS_SEARCH_USER_PATHS = NO;
				CLANG_ANALYZER_NONNULL = YES;
				CLANG_ANALYZER_NUMBER_OBJECT_CONVERSION = YES_AGGRESSIVE;
				CLANG_CXX_LANGUAGE_STANDARD = "gnu++14";
				CLANG_CXX_LIBRARY = "libc++";
				CLANG_ENABLE_MODULES = YES;
				CLANG_ENABLE_OBJC_ARC = YES;
				CLANG_ENABLE_OBJC_WEAK = YES;
				CLANG_WARN_BLOCK_CAPTURE_AUTORELEASING = YES;
				CLANG_WARN_BOOL_CONVERSION = YES;
				CLANG_WARN_COMMA = YES;
				CLANG_WARN_CONSTANT_CONVERSION = YES;
				CLANG_WARN_DEPRECATED_OBJC_IMPLEMENTATIONS = YES;
				CLANG_WARN_DIRECT_OBJC_ISA_USAGE = YES_ERROR;
				CLANG_WARN_DOCUMENTATION_COMMENTS = YES;
				CLANG_WARN_EMPTY_BODY = YES;
				CLANG_WARN_ENUM_CONVERSION = YES;
				CLANG_WARN_INFINITE_RECURSION = YES;
				CLANG_WARN_INT_CONVERSION = YES;
				CLANG_WARN_NON_LITERAL_NULL_CONVERSION = YES;
				CLANG_WARN_OBJC_IMPLICIT_RETAIN_SELF = YES;
				CLANG_WARN_OBJC_LITERAL_CONVERSION = YES;
				CLANG_WARN_OBJC_ROOT_CLASS = YES_ERROR;
				CLANG_WARN_RANGE_LOOP_ANALYSIS = YES;
				CLANG_WARN_STRICT_PROTOTYPES = YES;
				CLANG_WARN_SUSPICIOUS_MOVE = YES;
				CLANG_WARN_UNGUARDED_AVAILABILITY = YES_AGGRESSIVE;
				CLANG_WARN_UNREACHABLE_CODE = YES;
				CLANG_WARN__DUPLICATE_METHOD_MATCH = YES;
				CODE_SIGN_IDENTITY = "iPhone Developer";
				COPY_PHASE_STRIP = NO;
				DEBUG_INFORMATION_FORMAT = "dwarf-with-dsym";
				ENABLE_NS_ASSERTIONS = NO;
				ENABLE_STRICT_OBJC_MSGSEND = YES;
				GCC_C_LANGUAGE_STANDARD = gnu11;
				GCC_NO_COMMON_BLOCKS = YES;
				GCC_WARN_64_TO_32_BIT_CONVERSION = YES;
				GCC_WARN_ABOUT_RETURN_TYPE = YES_ERROR;
				GCC_WARN_UNDECLARED_SELECTOR = YES;
				GCC_WARN_UNINITIALIZED_AUTOS = YES_AGGRESSIVE;
				GCC_WARN_UNUSED_FUNCTION = YES;
				GCC_WARN_UNUSED_VARIABLE = YES;
				IPHONEOS_DEPLOYMENT_TARGET = 11.4;
				MTL_ENABLE_DEBUG_INFO = NO;
				SDKROOT = iphoneos;
				SWIFT_COMPILATION_MODE = wholemodule;
				SWIFT_OPTIMIZATION_LEVEL = "-O";
				VALIDATE_PRODUCT = YES;
			};
			name = Release;
		};
		318C1CF421032CB200A97A36 /* Debug */ = {
			isa = XCBuildConfiguration;
			buildSettings = {
				ASSETCATALOG_COMPILER_APPICON_NAME = AppIcon;
				CODE_SIGN_STYLE = Automatic;
				INFOPLIST_FILE = wikisearch/Info.plist;
				LD_RUNPATH_SEARCH_PATHS = (
					"$(inherited)",
					"@executable_path/Frameworks",
				);
				PRODUCT_BUNDLE_IDENTIFIER = com.app.wikisearch;
				PRODUCT_NAME = "$(TARGET_NAME)";
				SWIFT_VERSION = 4.0;
				TARGETED_DEVICE_FAMILY = "1,2";
			};
			name = Debug;
		};
		318C1CF521032CB200A97A36 /* Release */ = {
			isa = XCBuildConfiguration;
			buildSettings = {
				ASSETCATALOG_COMPILER_APPICON_NAME = AppIcon;
				CODE_SIGN_STYLE = Automatic;
				INFOPLIST_FILE = wikisearch/Info.plist;
				LD_RUNPATH_SEARCH_PATHS = (
					"$(inherited)",
					"@executable_path/Frameworks",
				);
				PRODUCT_BUNDLE_IDENTIFIER = com.app.wikisearch;
				PRODUCT_NAME = "$(TARGET_NAME)";
				SWIFT_VERSION = 4.0;
				TARGETED_DEVICE_FAMILY = "1,2";
			};
			name = Release;
		};
		318C1CF721032CB200A97A36 /* Debug */ = {
			isa = XCBuildConfiguration;
			buildSettings = {
				ALWAYS_EMBED_SWIFT_STANDARD_LIBRARIES = YES;
				BUNDLE_LOADER = "$(TEST_HOST)";
				CODE_SIGN_STYLE = Automatic;
				INFOPLIST_FILE = wikisearchTests/Info.plist;
				LD_RUNPATH_SEARCH_PATHS = (
					"$(inherited)",
					"@executable_path/Frameworks",
					"@loader_path/Frameworks",
				);
				PRODUCT_BUNDLE_IDENTIFIER = com.app.wikisearchTests;
				PRODUCT_NAME = "$(TARGET_NAME)";
				SWIFT_VERSION = 4.0;
				TARGETED_DEVICE_FAMILY = "1,2";
				TEST_HOST = "$(BUILT_PRODUCTS_DIR)/wikisearch.app/wikisearch";
			};
			name = Debug;
		};
		318C1CF821032CB200A97A36 /* Release */ = {
			isa = XCBuildConfiguration;
			buildSettings = {
				ALWAYS_EMBED_SWIFT_STANDARD_LIBRARIES = YES;
				BUNDLE_LOADER = "$(TEST_HOST)";
				CODE_SIGN_STYLE = Automatic;
				INFOPLIST_FILE = wikisearchTests/Info.plist;
				LD_RUNPATH_SEARCH_PATHS = (
					"$(inherited)",
					"@executable_path/Frameworks",
					"@loader_path/Frameworks",
				);
				PRODUCT_BUNDLE_IDENTIFIER = com.app.wikisearchTests;
				PRODUCT_NAME = "$(TARGET_NAME)";
				SWIFT_VERSION = 4.0;
				TARGETED_DEVICE_FAMILY = "1,2";
				TEST_HOST = "$(BUILT_PRODUCTS_DIR)/wikisearch.app/wikisearch";
			};
			name = Release;
		};
		318C1CFA21032CB200A97A36 /* Debug */ = {
			isa = XCBuildConfiguration;
			buildSettings = {
				ALWAYS_EMBED_SWIFT_STANDARD_LIBRARIES = YES;
				CODE_SIGN_STYLE = Automatic;
				INFOPLIST_FILE = wikisearchUITests/Info.plist;
				LD_RUNPATH_SEARCH_PATHS = (
					"$(inherited)",
					"@executable_path/Frameworks",
					"@loader_path/Frameworks",
				);
				PRODUCT_BUNDLE_IDENTIFIER = com.app.wikisearchUITests;
				PRODUCT_NAME = "$(TARGET_NAME)";
				SWIFT_VERSION = 4.0;
				TARGETED_DEVICE_FAMILY = "1,2";
				TEST_TARGET_NAME = wikisearch;
			};
			name = Debug;
		};
		318C1CFB21032CB200A97A36 /* Release */ = {
			isa = XCBuildConfiguration;
			buildSettings = {
				ALWAYS_EMBED_SWIFT_STANDARD_LIBRARIES = YES;
				CODE_SIGN_STYLE = Automatic;
				INFOPLIST_FILE = wikisearchUITests/Info.plist;
				LD_RUNPATH_SEARCH_PATHS = (
					"$(inherited)",
					"@executable_path/Frameworks",
					"@loader_path/Frameworks",
				);
				PRODUCT_BUNDLE_IDENTIFIER = com.app.wikisearchUITests;
				PRODUCT_NAME = "$(TARGET_NAME)";
				SWIFT_VERSION = 4.0;
				TARGETED_DEVICE_FAMILY = "1,2";
				TEST_TARGET_NAME = wikisearch;
			};
			name = Release;
		};
/* End XCBuildConfiguration section */

/* Begin XCConfigurationList section */
		318C1CC321032CB000A97A36 /* Build configuration list for PBXProject "wikisearch" */ = {
			isa = XCConfigurationList;
			buildConfigurations = (
				318C1CF121032CB200A97A36 /* Debug */,
				318C1CF221032CB200A97A36 /* Release */,
			);
			defaultConfigurationIsVisible = 0;
			defaultConfigurationName = Release;
		};
		318C1CF321032CB200A97A36 /* Build configuration list for PBXNativeTarget "wikisearch" */ = {
			isa = XCConfigurationList;
			buildConfigurations = (
				318C1CF421032CB200A97A36 /* Debug */,
				318C1CF521032CB200A97A36 /* Release */,
			);
			defaultConfigurationIsVisible = 0;
			defaultConfigurationName = Release;
		};
		318C1CF621032CB200A97A36 /* Build configuration list for PBXNativeTarget "wikisearchTests" */ = {
			isa = XCConfigurationList;
			buildConfigurations = (
				318C1CF721032CB200A97A36 /* Debug */,
				318C1CF821032CB200A97A36 /* Release */,
			);
			defaultConfigurationIsVisible = 0;
			defaultConfigurationName = Release;
		};
		318C1CF921032CB200A97A36 /* Build configuration list for PBXNativeTarget "wikisearchUITests" */ = {
			isa = XCConfigurationList;
			buildConfigurations = (
				318C1CFA21032CB200A97A36 /* Debug */,
				318C1CFB21032CB200A97A36 /* Release */,
			);
			defaultConfigurationIsVisible = 0;
			defaultConfigurationName = Release;
		};
/* End XCConfigurationList section */

/* Begin XCVersionGroup section */
		318C1CD221032CB000A97A36 /* wikisearch.xcdatamodeld */ = {
			isa = XCVersionGroup;
			children = (
				318C1CD321032CB000A97A36 /* wikisearch.xcdatamodel */,
			);
			currentVersion = 318C1CD321032CB000A97A36 /* wikisearch.xcdatamodel */;
			path = wikisearch.xcdatamodeld;
			sourceTree = "<group>";
			versionGroupType = wrapper.xcdatamodel;
		};
/* End XCVersionGroup section */
	};
	rootObject = 318C1CC021032CB000A97A36 /* Project object */;
}
